
Microsoft Visual Studio Solution File, Format Version 12.00
# Visual Studio Version 17
VisualStudioVersion = 17.11.35327.3
MinimumVisualStudioVersion = 10.0.40219.1
Project("{FAE04EC0-301F-11D3-BF4B-00C04F79EFBC}") = "EntityFrameW", "EntityFrameW\EntityFrameW.csproj", "{C1F2D7A5-F0EA-4E13-B698-20FF07F3AEE6}"
EndProject
Global
	GlobalSection(SolutionConfigurationPlatforms) = preSolution
		Debug|Any CPU = Debug|Any CPU
		Release|Any CPU = Release|Any CPU
	EndGlobalSection
	GlobalSection(ProjectConfigurationPlatforms) = postSolution
		{C1F2D7A5-F0EA-4E13-B698-20FF07F3AEE6}.Debug|Any CPU.ActiveCfg = Debug|Any CPU
		{C1F2D7A5-F0EA-4E13-B698-20FF07F3AEE6}.Debug|Any CPU.Build.0 = Debug|Any CPU
		{C1F2D7A5-F0EA-4E13-B698-20FF07F3AEE6}.Release|Any CPU.ActiveCfg = Release|Any CPU
		{C1F2D7A5-F0EA-4E13-B698-20FF07F3AEE6}.Release|Any CPU.Build.0 = Release|Any CPU
	EndGlobalSection
	GlobalSection(SolutionProperties) = preSolution
		HideSolutionNode = FALSE
	EndGlobalSection
	GlobalSection(ExtensibilityGlobals) = postSolution
		SolutionGuid = {6169C012-2CBB-464B-9667-68DAB696A9D4}
	EndGlobalSection
EndGlobal
